
Microsoft Visual Studio Solution File, Format Version 12.00
# Visual Studio 15
VisualStudioVersion = 15.0.28307.106
MinimumVisualStudioVersion = 10.0.40219.1
Project("{FAE04EC0-301F-11D3-BF4B-00C04F79EFBC}") = "Tracking", "Tracking\Tracking.csproj", "{FC6B3769-6612-4ACF-A887-C8265BA93897}"
EndProject
Global
	GlobalSection(SolutionConfigurationPlatforms) = preSolution
		Debug|Any CPU = Debug|Any CPU
		Release|Any CPU = Release|Any CPU
	EndGlobalSection
	GlobalSection(ProjectConfigurationPlatforms) = postSolution
		{FC6B3769-6612-4ACF-A887-C8265BA93897}.Debug|Any CPU.ActiveCfg = Debug|Any CPU
		{FC6B3769-6612-4ACF-A887-C8265BA93897}.Debug|Any CPU.Build.0 = Debug|Any CPU
		{FC6B3769-6612-4ACF-A887-C8265BA93897}.Release|Any CPU.ActiveCfg = Release|Any CPU
		{FC6B3769-6612-4ACF-A887-C8265BA93897}.Release|Any CPU.Build.0 = Release|Any CPU
	EndGlobalSection
	GlobalSection(SolutionProperties) = preSolution
		HideSolutionNode = FALSE
	EndGlobalSection
	GlobalSection(ExtensibilityGlobals) = postSolution
		SolutionGuid = {BBDDCA4B-3E4C-4C07-A4E5-F3AD583DB0CC}
	EndGlobalSection
EndGlobal
